
Microsoft Visual Studio Solution File, Format Version 12.00
# Visual Studio Version 17
VisualStudioVersion = 17.2.32616.157
MinimumVisualStudioVersion = 10.0.40219.1
Project("{FAE04EC0-301F-11D3-BF4B-00C04F79EFBC}") = "Rectange_Delegates", "Rectange_Delegates\Rectange_Delegates.csproj", "{CA445ECE-131E-43B3-855C-D599DDC030FB}"
EndProject
Global
	GlobalSection(SolutionConfigurationPlatforms) = preSolution
		Debug|Any CPU = Debug|Any CPU
		Release|Any CPU = Release|Any CPU
	EndGlobalSection
	GlobalSection(ProjectConfigurationPlatforms) = postSolution
		{CA445ECE-131E-43B3-855C-D599DDC030FB}.Debug|Any CPU.ActiveCfg = Debug|Any CPU
		{CA445ECE-131E-43B3-855C-D599DDC030FB}.Debug|Any CPU.Build.0 = Debug|Any CPU
		{CA445ECE-131E-43B3-855C-D599DDC030FB}.Release|Any CPU.ActiveCfg = Release|Any CPU
		{CA445ECE-131E-43B3-855C-D599DDC030FB}.Release|Any CPU.Build.0 = Release|Any CPU
	EndGlobalSection
	GlobalSection(SolutionProperties) = preSolution
		HideSolutionNode = FALSE
	EndGlobalSection
	GlobalSection(ExtensibilityGlobals) = postSolution
		SolutionGuid = {0FFE0FED-6025-4060-8F10-685C6A196615}
	EndGlobalSection
EndGlobal
